// !$*UTF8*$!
{
	archiveVersion = 1;
	classes = {
	};
	objectVersion = 46;
	objects = {

/* Begin PBXBuildFile section */
		827D7840148AF87000A2F4F5 /* Foundation.framework in Frameworks */ = {isa = PBXBuildFile; fileRef = 827D783F148AF87000A2F4F5 /* Foundation.framework */; };
		827D7843148AF87000A2F4F5 /* main.m in Sources */ = {isa = PBXBuildFile; fileRef = 827D7842148AF87000A2F4F5 /* main.m */; };
		827D7847148AF87000A2F4F5 /* KVO.1 in CopyFiles */ = {isa = PBXBuildFile; fileRef = 827D7846148AF87000A2F4F5 /* KVO.1 */; };
		827D784F148AFCA100A2F4F5 /* Person.m in Sources */ = {isa = PBXBuildFile; fileRef = 827D784E148AFCA100A2F4F5 /* Person.m */; };
		827D7855148B022E00A2F4F5 /* PersonWatcher.m in Sources */ = {isa = PBXBuildFile; fileRef = 827D7854148B022E00A2F4F5 /* PersonWatcher.m */; };
/* End PBXBuildFile section */

/* Begin PBXCopyFilesBuildPhase section */
		827D7839148AF87000A2F4F5 /* CopyFiles */ = {
			isa = PBXCopyFilesBuildPhase;
			buildActionMask = 2147483647;
			dstPath = /usr/share/man/man1/;
			dstSubfolderSpec = 0;
			files = (
				827D7847148AF87000A2F4F5 /* KVO.1 in CopyFiles */,
			);
			runOnlyForDeploymentPostprocessing = 1;
		};
/* End PBXCopyFilesBuildPhase section */

/* Begin PBXFileReference section */
		827D783B148AF87000A2F4F5 /* KVO */ = {isa = PBXFileReference; explicitFileType = "compiled.mach-o.executable"; includeInIndex = 0; path = KVO; sourceTree = BUILT_PRODUCTS_DIR; };
		827D783F148AF87000A2F4F5 /* Foundation.framework */ = {isa = PBXFileReference; lastKnownFileType = wrapper.framework; name = Foundation.framework; path = System/Library/Frameworks/Foundation.framework; sourceTree = SDKROOT; };
		827D7842148AF87000A2F4F5 /* main.m */ = {isa = PBXFileReference; lastKnownFileType = sourcecode.c.objc; path = main.m; sourceTree = "<group>"; };
		827D7845148AF87000A2F4F5 /* KVO-Prefix.pch */ = {isa = PBXFileReference; lastKnownFileType = sourcecode.c.h; path = "KVO-Prefix.pch"; sourceTree = "<group>"; };
		827D7846148AF87000A2F4F5 /* KVO.1 */ = {isa = PBXFileReference; lastKnownFileType = text.man; path = KVO.1; sourceTree = "<group>"; };
		827D784D148AFCA100A2F4F5 /* Person.h */ = {isa = PBXFileReference; fileEncoding = 4; lastKnownFileType = sourcecode.c.h; path = Person.h; sourceTree = "<group>"; };
		827D784E148AFCA100A2F4F5 /* Person.m */ = {isa = PBXFileReference; fileEncoding = 4; lastKnownFileType = sourcecode.c.objc; path = Person.m; sourceTree = "<group>"; };
		827D7853148B022E00A2F4F5 /* PersonWatcher.h */ = {isa = PBXFileReference; fileEncoding = 4; lastKnownFileType = sourcecode.c.h; path = PersonWatcher.h; sourceTree = "<group>"; };
		827D7854148B022E00A2F4F5 /* PersonWatcher.m */ = {isa = PBXFileReference; fileEncoding = 4; lastKnownFileType = sourcecode.c.objc; path = PersonWatcher.m; sourceTree = "<group>"; };
/* End PBXFileReference section */

/* Begin PBXFrameworksBuildPhase section */
		827D7838148AF87000A2F4F5 /* Frameworks */ = {
			isa = PBXFrameworksBuildPhase;
			buildActionMask = 2147483647;
			files = (
				827D7840148AF87000A2F4F5 /* Foundation.framework in Frameworks */,
			);
			runOnlyForDeploymentPostprocessing = 0;
		};
/* End PBXFrameworksBuildPhase section */

/* Begin PBXGroup section */
		827D7830148AF87000A2F4F5 = {
			isa = PBXGroup;
			children = (
				827D7841148AF87000A2F4F5 /* KVO */,
				827D783E148AF87000A2F4F5 /* Frameworks */,
				827D783C148AF87000A2F4F5 /* Products */,
			);
			sourceTree = "<group>";
		};
		827D783C148AF87000A2F4F5 /* Products */ = {
			isa = PBXGroup;
			children = (
				827D783B148AF87000A2F4F5 /* KVO */,
			);
			name = Products;
			sourceTree = "<group>";
		};
		827D783E148AF87000A2F4F5 /* Frameworks */ = {
			isa = PBXGroup;
			children = (
				827D783F148AF87000A2F4F5 /* Foundation.framework */,
			);
			name = Frameworks;
			sourceTree = "<group>";
		};
		827D7841148AF87000A2F4F5 /* KVO */ = {
			isa = PBXGroup;
			children = (
				827D7842148AF87000A2F4F5 /* main.m */,
				827D7846148AF87000A2F4F5 /* KVO.1 */,
				827D7844148AF87000A2F4F5 /* Supporting Files */,
				827D784D148AFCA100A2F4F5 /* Person.h */,
				827D784E148AFCA100A2F4F5 /* Person.m */,
				827D7853148B022E00A2F4F5 /* PersonWatcher.h */,
				827D7854148B022E00A2F4F5 /* PersonWatcher.m */,
			);
			path = KVO;
			sourceTree = "<group>";
		};
		827D7844148AF87000A2F4F5 /* Supporting Files */ = {
			isa = PBXGroup;
			children = (
				827D7845148AF87000A2F4F5 /* KVO-Prefix.pch */,
			);
			name = "Supporting Files";
			sourceTree = "<group>";
		};
/* End PBXGroup section */

/* Begin PBXNativeTarget section */
		827D783A148AF87000A2F4F5 /* KVO */ = {
			isa = PBXNativeTarget;
			buildConfigurationList = 827D784A148AF87000A2F4F5 /* Build configuration list for PBXNativeTarget "KVO" */;
			buildPhases = (
				827D7837148AF87000A2F4F5 /* Sources */,
				827D7838148AF87000A2F4F5 /* Frameworks */,
				827D7839148AF87000A2F4F5 /* CopyFiles */,
			);
			buildRules = (
			);
			dependencies = (
			);
			name = KVO;
			productName = KVO;
			productReference = 827D783B148AF87000A2F4F5 /* KVO */;
			productType = "com.apple.product-type.tool";
		};
/* End PBXNativeTarget section */

/* Begin PBXProject section */
		827D7832148AF87000A2F4F5 /* Project object */ = {
			isa = PBXProject;
			attributes = {
				LastUpgradeCheck = 0420;
			};
			buildConfigurationList = 827D7835148AF87000A2F4F5 /* Build configuration list for PBXProject "KVO" */;
			compatibilityVersion = "Xcode 3.2";
			developmentRegion = English;
			hasScannedForEncodings = 0;
			knownRegions = (
				en,
			);
			mainGroup = 827D7830148AF87000A2F4F5;
			productRefGroup = 827D783C148AF87000A2F4F5 /* Products */;
			projectDirPath = "";
			projectRoot = "";
			targets = (
				827D783A148AF87000A2F4F5 /* KVO */,
			);
		};
/* End PBXProject section */

/* Begin PBXSourcesBuildPhase section */
		827D7837148AF87000A2F4F5 /* Sources */ = {
			isa = PBXSourcesBuildPhase;
			buildActionMask = 2147483647;
			files = (
				827D7843148AF87000A2F4F5 /* main.m in Sources */,
				827D784F148AFCA100A2F4F5 /* Person.m in Sources */,
				827D7855148B022E00A2F4F5 /* PersonWatcher.m in Sources */,
			);
			runOnlyForDeploymentPostprocessing = 0;
		};
/* End PBXSourcesBuildPhase section */

/* Begin XCBuildConfiguration section */
		827D7848148AF87000A2F4F5 /* Debug */ = {
			isa = XCBuildConfiguration;
			buildSettings = {
				ALWAYS_SEARCH_USER_PATHS = NO;
				ARCHS = "$(ARCHS_STANDARD_64_BIT)";
				CLANG_ENABLE_OBJC_ARC = YES;
				COPY_PHASE_STRIP = NO;
				GCC_C_LANGUAGE_STANDARD = gnu99;
				GCC_DYNAMIC_NO_PIC = NO;
				GCC_ENABLE_OBJC_EXCEPTIONS = YES;
				GCC_OPTIMIZATION_LEVEL = 0;
				GCC_PREPROCESSOR_DEFINITIONS = (
					"DEBUG=1",
					"$(inherited)",
				);
				GCC_SYMBOLS_PRIVATE_EXTERN = NO;
				GCC_VERSION = com.apple.compilers.llvm.clang.1_0;
				GCC_WARN_64_TO_32_BIT_CONVERSION = YES;
				GCC_WARN_ABOUT_MISSING_PROTOTYPES = YES;
				GCC_WARN_ABOUT_RETURN_TYPE = YES;
				GCC_WARN_UNUSED_VARIABLE = YES;
				MACOSX_DEPLOYMENT_TARGET = 10.7;
				ONLY_ACTIVE_ARCH = YES;
				SDKROOT = macosx;
			};
			name = Debug;
		};
		827D7849148AF87000A2F4F5 /* Release */ = {
			isa = XCBuildConfiguration;
			buildSettings = {
				ALWAYS_SEARCH_USER_PATHS = NO;
				ARCHS = "$(ARCHS_STANDARD_64_BIT)";
				CLANG_ENABLE_OBJC_ARC = YES;
				COPY_PHASE_STRIP = YES;
				DEBUG_INFORMATION_FORMAT = "dwarf-with-dsym";
				GCC_C_LANGUAGE_STANDARD = gnu99;
				GCC_ENABLE_OBJC_EXCEPTIONS = YES;
				GCC_VERSION = com.apple.compilers.llvm.clang.1_0;
				GCC_WARN_64_TO_32_BIT_CONVERSION = YES;
				GCC_WARN_ABOUT_MISSING_PROTOTYPES = YES;
				GCC_WARN_ABOUT_RETURN_TYPE = YES;
				GCC_WARN_UNUSED_VARIABLE = YES;
				MACOSX_DEPLOYMENT_TARGET = 10.7;
				SDKROOT = macosx;
			};
			name = Release;
		};
		827D784B148AF87000A2F4F5 /* Debug */ = {
			isa = XCBuildConfiguration;
			buildSettings = {
				GCC_PRECOMPILE_PREFIX_HEADER = YES;
				GCC_PREFIX_HEADER = "KVO/KVO-Prefix.pch";
				PRODUCT_NAME = "$(TARGET_NAME)";
			};
			name = Debug;
		};
		827D784C148AF87000A2F4F5 /* Release */ = {
			isa = XCBuildConfiguration;
			buildSettings = {
				GCC_PRECOMPILE_PREFIX_HEADER = YES;
				GCC_PREFIX_HEADER = "KVO/KVO-Prefix.pch";
				PRODUCT_NAME = "$(TARGET_NAME)";
			};
			name = Release;
		};
/* End XCBuildConfiguration section */

/* Begin XCConfigurationList section */
		827D7835148AF87000A2F4F5 /* Build configuration list for PBXProject "KVO" */ = {
			isa = XCConfigurationList;
			buildConfigurations = (
				827D7848148AF87000A2F4F5 /* Debug */,
				827D7849148AF87000A2F4F5 /* Release */,
			);
			defaultConfigurationIsVisible = 0;
			defaultConfigurationName = Release;
		};
		827D784A148AF87000A2F4F5 /* Build configuration list for PBXNativeTarget "KVO" */ = {
			isa = XCConfigurationList;
			buildConfigurations = (
				827D784B148AF87000A2F4F5 /* Debug */,
				827D784C148AF87000A2F4F5 /* Release */,
			);
			defaultConfigurationIsVisible = 0;
		};
/* End XCConfigurationList section */
	};
	rootObject = 827D7832148AF87000A2F4F5 /* Project object */;
}
